// !$*UTF8*$!
{
	archiveVersion = 1;
	classes = {
	};
	objectVersion = 56;
	objects = {

/* Begin PBXBuildFile section */
		96D9BDB32C13E3AC00726199 /* NotesAppApp.swift in Sources */ = {isa = PBXBuildFile; fileRef = 96D9BDB22C13E3AC00726199 /* NotesAppApp.swift */; };
		96D9BDB52C13E3AC00726199 /* ContentView.swift in Sources */ = {isa = PBXBuildFile; fileRef = 96D9BDB42C13E3AC00726199 /* ContentView.swift */; };
		96D9BDB72C13E3B000726199 /* Assets.xcassets in Resources */ = {isa = PBXBuildFile; fileRef = 96D9BDB62C13E3B000726199 /* Assets.xcassets */; };
		96D9BDBA2C13E3B000726199 /* Preview Assets.xcassets in Resources */ = {isa = PBXBuildFile; fileRef = 96D9BDB92C13E3B000726199 /* Preview Assets.xcassets */; };
		96D9BDC42C13E3B100726199 /* NotesAppTests.swift in Sources */ = {isa = PBXBuildFile; fileRef = 96D9BDC32C13E3B100726199 /* NotesAppTests.swift */; };
		96D9BDCE2C13E3B100726199 /* NotesAppUITests.swift in Sources */ = {isa = PBXBuildFile; fileRef = 96D9BDCD2C13E3B100726199 /* NotesAppUITests.swift */; };
		96D9BDD02C13E3B100726199 /* NotesAppUITestsLaunchTests.swift in Sources */ = {isa = PBXBuildFile; fileRef = 96D9BDCF2C13E3B100726199 /* NotesAppUITestsLaunchTests.swift */; };
		96D9BDDD2C14EBA600726199 /* NotesRow.swift in Sources */ = {isa = PBXBuildFile; fileRef = 96D9BDDC2C14EBA600726199 /* NotesRow.swift */; };
		96D9BDDF2C16295900726199 /* Note.swift in Sources */ = {isa = PBXBuildFile; fileRef = 96D9BDDE2C16295900726199 /* Note.swift */; };
		96D9BDE12C1B55C900726199 /* NotesSheet.swift in Sources */ = {isa = PBXBuildFile; fileRef = 96D9BDE02C1B55C900726199 /* NotesSheet.swift */; };
/* End PBXBuildFile section */

/* Begin PBXContainerItemProxy section */
		96D9BDC02C13E3B100726199 /* PBXContainerItemProxy */ = {
			isa = PBXContainerItemProxy;
			containerPortal = 96D9BDA72C13E3AC00726199 /* Project object */;
			proxyType = 1;
			remoteGlobalIDString = 96D9BDAE2C13E3AC00726199;
			remoteInfo = NotesApp;
		};
		96D9BDCA2C13E3B100726199 /* PBXContainerItemProxy */ = {
			isa = PBXContainerItemProxy;
			containerPortal = 96D9BDA72C13E3AC00726199 /* Project object */;
			proxyType = 1;
			remoteGlobalIDString = 96D9BDAE2C13E3AC00726199;
			remoteInfo = NotesApp;
		};
/* End PBXContainerItemProxy section */

/* Begin PBXFileReference section */
		96D9BDAF2C13E3AC00726199 /* NotesApp.app */ = {isa = PBXFileReference; explicitFileType = wrapper.application; includeInIndex = 0; path = NotesApp.app; sourceTree = BUILT_PRODUCTS_DIR; };
		96D9BDB22C13E3AC00726199 /* NotesAppApp.swift */ = {isa = PBXFileReference; lastKnownFileType = sourcecode.swift; path = NotesAppApp.swift; sourceTree = "<group>"; };
		96D9BDB42C13E3AC00726199 /* ContentView.swift */ = {isa = PBXFileReference; lastKnownFileType = sourcecode.swift; path = ContentView.swift; sourceTree = "<group>"; };
		96D9BDB62C13E3B000726199 /* Assets.xcassets */ = {isa = PBXFileReference; lastKnownFileType = folder.assetcatalog; path = Assets.xcassets; sourceTree = "<group>"; };
		96D9BDB92C13E3B000726199 /* Preview Assets.xcassets */ = {isa = PBXFileReference; lastKnownFileType = folder.assetcatalog; path = "Preview Assets.xcassets"; sourceTree = "<group>"; };
		96D9BDBF2C13E3B100726199 /* NotesAppTests.xctest */ = {isa = PBXFileReference; explicitFileType = wrapper.cfbundle; includeInIndex = 0; path = NotesAppTests.xctest; sourceTree = BUILT_PRODUCTS_DIR; };
		96D9BDC32C13E3B100726199 /* NotesAppTests.swift */ = {isa = PBXFileReference; lastKnownFileType = sourcecode.swift; path = NotesAppTests.swift; sourceTree = "<group>"; };
		96D9BDC92C13E3B100726199 /* NotesAppUITests.xctest */ = {isa = PBXFileReference; explicitFileType = wrapper.cfbundle; includeInIndex = 0; path = NotesAppUITests.xctest; sourceTree = BUILT_PRODUCTS_DIR; };
		96D9BDCD2C13E3B100726199 /* NotesAppUITests.swift */ = {isa = PBXFileReference; lastKnownFileType = sourcecode.swift; path = NotesAppUITests.swift; sourceTree = "<group>"; };
		96D9BDCF2C13E3B100726199 /* NotesAppUITestsLaunchTests.swift */ = {isa = PBXFileReference; lastKnownFileType = sourcecode.swift; path = NotesAppUITestsLaunchTests.swift; sourceTree = "<group>"; };
		96D9BDDC2C14EBA600726199 /* NotesRow.swift */ = {isa = PBXFileReference; lastKnownFileType = sourcecode.swift; path = NotesRow.swift; sourceTree = "<group>"; };
		96D9BDDE2C16295900726199 /* Note.swift */ = {isa = PBXFileReference; lastKnownFileType = sourcecode.swift; path = Note.swift; sourceTree = "<group>"; };
		96D9BDE02C1B55C900726199 /* NotesSheet.swift */ = {isa = PBXFileReference; lastKnownFileType = sourcecode.swift; path = NotesSheet.swift; sourceTree = "<group>"; };
/* End PBXFileReference section */

/* Begin PBXFrameworksBuildPhase section */
		96D9BDAC2C13E3AC00726199 /* Frameworks */ = {
			isa = PBXFrameworksBuildPhase;
			buildActionMask = 2147483647;
			files = (
			);
			runOnlyForDeploymentPostprocessing = 0;
		};
		96D9BDBC2C13E3B100726199 /* Frameworks */ = {
			isa = PBXFrameworksBuildPhase;
			buildActionMask = 2147483647;
			files = (
			);
			runOnlyForDeploymentPostprocessing = 0;
		};
		96D9BDC62C13E3B100726199 /* Frameworks */ = {
			isa = PBXFrameworksBuildPhase;
			buildActionMask = 2147483647;
			files = (
			);
			runOnlyForDeploymentPostprocessing = 0;
		};
/* End PBXFrameworksBuildPhase section */

/* Begin PBXGroup section */
		96D9BDA62C13E3AC00726199 = {
			isa = PBXGroup;
			children = (
				96D9BDB12C13E3AC00726199 /* NotesApp */,
				96D9BDC22C13E3B100726199 /* NotesAppTests */,
				96D9BDCC2C13E3B100726199 /* NotesAppUITests */,
				96D9BDB02C13E3AC00726199 /* Products */,
			);
			sourceTree = "<group>";
		};
		96D9BDB02C13E3AC00726199 /* Products */ = {
			isa = PBXGroup;
			children = (
				96D9BDAF2C13E3AC00726199 /* NotesApp.app */,
				96D9BDBF2C13E3B100726199 /* NotesAppTests.xctest */,
				96D9BDC92C13E3B100726199 /* NotesAppUITests.xctest */,
			);
			name = Products;
			sourceTree = "<group>";
		};
		96D9BDB12C13E3AC00726199 /* NotesApp */ = {
			isa = PBXGroup;
			children = (
				96D9BDB22C13E3AC00726199 /* NotesAppApp.swift */,
				96D9BDB42C13E3AC00726199 /* ContentView.swift */,
				96D9BDB62C13E3B000726199 /* Assets.xcassets */,
				96D9BDB82C13E3B000726199 /* Preview Content */,
				96D9BDDC2C14EBA600726199 /* NotesRow.swift */,
				96D9BDDE2C16295900726199 /* Note.swift */,
				96D9BDE02C1B55C900726199 /* NotesSheet.swift */,
			);
			path = NotesApp;
			sourceTree = "<group>";
		};
		96D9BDB82C13E3B000726199 /* Preview Content */ = {
			isa = PBXGroup;
			children = (
				96D9BDB92C13E3B000726199 /* Preview Assets.xcassets */,
			);
			path = "Preview Content";
			sourceTree = "<group>";
		};
		96D9BDC22C13E3B100726199 /* NotesAppTests */ = {
			isa = PBXGroup;
			children = (
				96D9BDC32C13E3B100726199 /* NotesAppTests.swift */,
			);
			path = NotesAppTests;
			sourceTree = "<group>";
		};
		96D9BDCC2C13E3B100726199 /* NotesAppUITests */ = {
			isa = PBXGroup;
			children = (
				96D9BDCD2C13E3B100726199 /* NotesAppUITests.swift */,
				96D9BDCF2C13E3B100726199 /* NotesAppUITestsLaunchTests.swift */,
			);
			path = NotesAppUITests;
			sourceTree = "<group>";
		};
/* End PBXGroup section */

/* Begin PBXNativeTarget section */
		96D9BDAE2C13E3AC00726199 /* NotesApp */ = {
			isa = PBXNativeTarget;
			buildConfigurationList = 96D9BDD32C13E3B100726199 /* Build configuration list for PBXNativeTarget "NotesApp" */;
			buildPhases = (
				96D9BDAB2C13E3AC00726199 /* Sources */,
				96D9BDAC2C13E3AC00726199 /* Frameworks */,
				96D9BDAD2C13E3AC00726199 /* Resources */,
			);
			buildRules = (
			);
			dependencies = (
			);
			name = NotesApp;
			productName = NotesApp;
			productReference = 96D9BDAF2C13E3AC00726199 /* NotesApp.app */;
			productType = "com.apple.product-type.application";
		};
		96D9BDBE2C13E3B100726199 /* NotesAppTests */ = {
			isa = PBXNativeTarget;
			buildConfigurationList = 96D9BDD62C13E3B100726199 /* Build configuration list for PBXNativeTarget "NotesAppTests" */;
			buildPhases = (
				96D9BDBB2C13E3B100726199 /* Sources */,
				96D9BDBC2C13E3B100726199 /* Frameworks */,
				96D9BDBD2C13E3B100726199 /* Resources */,
			);
			buildRules = (
			);
			dependencies = (
				96D9BDC12C13E3B100726199 /* PBXTargetDependency */,
			);
			name = NotesAppTests;
			productName = NotesAppTests;
			productReference = 96D9BDBF2C13E3B100726199 /* NotesAppTests.xctest */;
			productType = "com.apple.product-type.bundle.unit-test";
		};
		96D9BDC82C13E3B100726199 /* NotesAppUITests */ = {
			isa = PBXNativeTarget;
			buildConfigurationList = 96D9BDD92C13E3B100726199 /* Build configuration list for PBXNativeTarget "NotesAppUITests" */;
			buildPhases = (
				96D9BDC52C13E3B100726199 /* Sources */,
				96D9BDC62C13E3B100726199 /* Frameworks */,
				96D9BDC72C13E3B100726199 /* Resources */,
			);
			buildRules = (
			);
			dependencies = (
				96D9BDCB2C13E3B100726199 /* PBXTargetDependency */,
			);
			name = NotesAppUITests;
			productName = NotesAppUITests;
			productReference = 96D9BDC92C13E3B100726199 /* NotesAppUITests.xctest */;
			productType = "com.apple.product-type.bundle.ui-testing";
		};
/* End PBXNativeTarget section */

/* Begin PBXProject section */
		96D9BDA72C13E3AC00726199 /* Project object */ = {
			isa = PBXProject;
			attributes = {
				BuildIndependentTargetsInParallel = 1;
				LastSwiftUpdateCheck = 1530;
				LastUpgradeCheck = 1530;
				TargetAttributes = {
					96D9BDAE2C13E3AC00726199 = {
						CreatedOnToolsVersion = 15.3;
					};
					96D9BDBE2C13E3B100726199 = {
						CreatedOnToolsVersion = 15.3;
						TestTargetID = 96D9BDAE2C13E3AC00726199;
					};
					96D9BDC82C13E3B100726199 = {
						CreatedOnToolsVersion = 15.3;
						TestTargetID = 96D9BDAE2C13E3AC00726199;
					};
				};
			};
			buildConfigurationList = 96D9BDAA2C13E3AC00726199 /* Build configuration list for PBXProject "NotesApp" */;
			compatibilityVersion = "Xcode 14.0";
			developmentRegion = en;
			hasScannedForEncodings = 0;
			knownRegions = (
				en,
				Base,
			);
			mainGroup = 96D9BDA62C13E3AC00726199;
			productRefGroup = 96D9BDB02C13E3AC00726199 /* Products */;
			projectDirPath = "";
			projectRoot = "";
			targets = (
				96D9BDAE2C13E3AC00726199 /* NotesApp */,
				96D9BDBE2C13E3B100726199 /* NotesAppTests */,
				96D9BDC82C13E3B100726199 /* NotesAppUITests */,
			);
		};
/* End PBXProject section */

/* Begin PBXResourcesBuildPhase section */
		96D9BDAD2C13E3AC00726199 /* Resources */ = {
			isa = PBXResourcesBuildPhase;
			buildActionMask = 2147483647;
			files = (
				96D9BDBA2C13E3B000726199 /* Preview Assets.xcassets in Resources */,
				96D9BDB72C13E3B000726199 /* Assets.xcassets in Resources */,
			);
			runOnlyForDeploymentPostprocessing = 0;
		};
		96D9BDBD2C13E3B100726199 /* Resources */ = {
			isa = PBXResourcesBuildPhase;
			buildActionMask = 2147483647;
			files = (
			);
			runOnlyForDeploymentPostprocessing = 0;
		};
		96D9BDC72C13E3B100726199 /* Resources */ = {
			isa = PBXResourcesBuildPhase;
			buildActionMask = 2147483647;
			files = (
			);
			runOnlyForDeploymentPostprocessing = 0;
		};
/* End PBXResourcesBuildPhase section */

/* Begin PBXSourcesBuildPhase section */
		96D9BDAB2C13E3AC00726199 /* Sources */ = {
			isa = PBXSourcesBuildPhase;
			buildActionMask = 2147483647;
			files = (
				96D9BDDD2C14EBA600726199 /* NotesRow.swift in Sources */,
				96D9BDB52C13E3AC00726199 /* ContentView.swift in Sources */,
				96D9BDE12C1B55C900726199 /* NotesSheet.swift in Sources */,
				96D9BDB32C13E3AC00726199 /* NotesAppApp.swift in Sources */,
				96D9BDDF2C16295900726199 /* Note.swift in Sources */,
			);
			runOnlyForDeploymentPostprocessing = 0;
		};
		96D9BDBB2C13E3B100726199 /* Sources */ = {
			isa = PBXSourcesBuildPhase;
			buildActionMask = 2147483647;
			files = (
				96D9BDC42C13E3B100726199 /* NotesAppTests.swift in Sources */,
			);
			runOnlyForDeploymentPostprocessing = 0;
		};
		96D9BDC52C13E3B100726199 /* Sources */ = {
			isa = PBXSourcesBuildPhase;
			buildActionMask = 2147483647;
			files = (
				96D9BDD02C13E3B100726199 /* NotesAppUITestsLaunchTests.swift in Sources */,
				96D9BDCE2C13E3B100726199 /* NotesAppUITests.swift in Sources */,
			);
			runOnlyForDeploymentPostprocessing = 0;
		};
/* End PBXSourcesBuildPhase section */

/* Begin PBXTargetDependency section */
		96D9BDC12C13E3B100726199 /* PBXTargetDependency */ = {
			isa = PBXTargetDependency;
			target = 96D9BDAE2C13E3AC00726199 /* NotesApp */;
			targetProxy = 96D9BDC02C13E3B100726199 /* PBXContainerItemProxy */;
		};
		96D9BDCB2C13E3B100726199 /* PBXTargetDependency */ = {
			isa = PBXTargetDependency;
			target = 96D9BDAE2C13E3AC00726199 /* NotesApp */;
			targetProxy = 96D9BDCA2C13E3B100726199 /* PBXContainerItemProxy */;
		};
/* End PBXTargetDependency section */

/* Begin XCBuildConfiguration section */
		96D9BDD12C13E3B100726199 /* Debug */ = {
			isa = XCBuildConfiguration;
			buildSettings = {
				ALWAYS_SEARCH_USER_PATHS = NO;
				ASSETCATALOG_COMPILER_GENERATE_SWIFT_ASSET_SYMBOL_EXTENSIONS = YES;
				CLANG_ANALYZER_NONNULL = YES;
				CLANG_ANALYZER_NUMBER_OBJECT_CONVERSION = YES_AGGRESSIVE;
				CLANG_CXX_LANGUAGE_STANDARD = "gnu++20";
				CLANG_ENABLE_MODULES = YES;
				CLANG_ENABLE_OBJC_ARC = YES;
				CLANG_ENABLE_OBJC_WEAK = YES;
				CLANG_WARN_BLOCK_CAPTURE_AUTORELEASING = YES;
				CLANG_WARN_BOOL_CONVERSION = YES;
				CLANG_WARN_COMMA = YES;
				CLANG_WARN_CONSTANT_CONVERSION = YES;
				CLANG_WARN_DEPRECATED_OBJC_IMPLEMENTATIONS = YES;
				CLANG_WARN_DIRECT_OBJC_ISA_USAGE = YES_ERROR;
				CLANG_WARN_DOCUMENTATION_COMMENTS = YES;
				CLANG_WARN_EMPTY_BODY = YES;
				CLANG_WARN_ENUM_CONVERSION = YES;
				CLANG_WARN_INFINITE_RECURSION = YES;
				CLANG_WARN_INT_CONVERSION = YES;
				CLANG_WARN_NON_LITERAL_NULL_CONVERSION = YES;
				CLANG_WARN_OBJC_IMPLICIT_RETAIN_SELF = YES;
				CLANG_WARN_OBJC_LITERAL_CONVERSION = YES;
				CLANG_WARN_OBJC_ROOT_CLASS = YES_ERROR;
				CLANG_WARN_QUOTED_INCLUDE_IN_FRAMEWORK_HEADER = YES;
				CLANG_WARN_RANGE_LOOP_ANALYSIS = YES;
				CLANG_WARN_STRICT_PROTOTYPES = YES;
				CLANG_WARN_SUSPICIOUS_MOVE = YES;
				CLANG_WARN_UNGUARDED_AVAILABILITY = YES_AGGRESSIVE;
				CLANG_WARN_UNREACHABLE_CODE = YES;
				CLANG_WARN__DUPLICATE_METHOD_MATCH = YES;
				COPY_PHASE_STRIP = NO;
				DEBUG_INFORMATION_FORMAT = dwarf;
				ENABLE_STRICT_OBJC_MSGSEND = YES;
				ENABLE_TESTABILITY = YES;
				ENABLE_USER_SCRIPT_SANDBOXING = YES;
				GCC_C_LANGUAGE_STANDARD = gnu17;
				GCC_DYNAMIC_NO_PIC = NO;
				GCC_NO_COMMON_BLOCKS = YES;
				GCC_OPTIMIZATION_LEVEL = 0;
				GCC_PREPROCESSOR_DEFINITIONS = (
					"DEBUG=1",
					"$(inherited)",
				);
				GCC_WARN_64_TO_32_BIT_CONVERSION = YES;
				GCC_WARN_ABOUT_RETURN_TYPE = YES_ERROR;
				GCC_WARN_UNDECLARED_SELECTOR = YES;
				GCC_WARN_UNINITIALIZED_AUTOS = YES_AGGRESSIVE;
				GCC_WARN_UNUSED_FUNCTION = YES;
				GCC_WARN_UNUSED_VARIABLE = YES;
				IPHONEOS_DEPLOYMENT_TARGET = 17.4;
				LOCALIZATION_PREFERS_STRING_CATALOGS = YES;
				MTL_ENABLE_DEBUG_INFO = INCLUDE_SOURCE;
				MTL_FAST_MATH = YES;
				ONLY_ACTIVE_ARCH = YES;
				SDKROOT = iphoneos;
				SWIFT_ACTIVE_COMPILATION_CONDITIONS = "DEBUG $(inherited)";
				SWIFT_OPTIMIZATION_LEVEL = "-Onone";
			};
			name = Debug;
		};
		96D9BDD22C13E3B100726199 /* Release */ = {
			isa = XCBuildConfiguration;
			buildSettings = {
				ALWAYS_SEARCH_USER_PATHS = NO;
				ASSETCATALOG_COMPILER_GENERATE_SWIFT_ASSET_SYMBOL_EXTENSIONS = YES;
				CLANG_ANALYZER_NONNULL = YES;
				CLANG_ANALYZER_NUMBER_OBJECT_CONVERSION = YES_AGGRESSIVE;
				CLANG_CXX_LANGUAGE_STANDARD = "gnu++20";
				CLANG_ENABLE_MODULES = YES;
				CLANG_ENABLE_OBJC_ARC = YES;
				CLANG_ENABLE_OBJC_WEAK = YES;
				CLANG_WARN_BLOCK_CAPTURE_AUTORELEASING = YES;
				CLANG_WARN_BOOL_CONVERSION = YES;
				CLANG_WARN_COMMA = YES;
				CLANG_WARN_CONSTANT_CONVERSION = YES;
				CLANG_WARN_DEPRECATED_OBJC_IMPLEMENTATIONS = YES;
				CLANG_WARN_DIRECT_OBJC_ISA_USAGE = YES_ERROR;
				CLANG_WARN_DOCUMENTATION_COMMENTS = YES;
				CLANG_WARN_EMPTY_BODY = YES;
				CLANG_WARN_ENUM_CONVERSION = YES;
				CLANG_WARN_INFINITE_RECURSION = YES;
				CLANG_WARN_INT_CONVERSION = YES;
				CLANG_WARN_NON_LITERAL_NULL_CONVERSION = YES;
				CLANG_WARN_OBJC_IMPLICIT_RETAIN_SELF = YES;
				CLANG_WARN_OBJC_LITERAL_CONVERSION = YES;
				CLANG_WARN_OBJC_ROOT_CLASS = YES_ERROR;
				CLANG_WARN_QUOTED_INCLUDE_IN_FRAMEWORK_HEADER = YES;
				CLANG_WARN_RANGE_LOOP_ANALYSIS = YES;
				CLANG_WARN_STRICT_PROTOTYPES = YES;
				CLANG_WARN_SUSPICIOUS_MOVE = YES;
				CLANG_WARN_UNGUARDED_AVAILABILITY = YES_AGGRESSIVE;
				CLANG_WARN_UNREACHABLE_CODE = YES;
				CLANG_WARN__DUPLICATE_METHOD_MATCH = YES;
				COPY_PHASE_STRIP = NO;
				DEBUG_INFORMATION_FORMAT = "dwarf-with-dsym";
				ENABLE_NS_ASSERTIONS = NO;
				ENABLE_STRICT_OBJC_MSGSEND = YES;
				ENABLE_USER_SCRIPT_SANDBOXING = YES;
				GCC_C_LANGUAGE_STANDARD = gnu17;
				GCC_NO_COMMON_BLOCKS = YES;
				GCC_WARN_64_TO_32_BIT_CONVERSION = YES;
				GCC_WARN_ABOUT_RETURN_TYPE = YES_ERROR;
				GCC_WARN_UNDECLARED_SELECTOR = YES;
				GCC_WARN_UNINITIALIZED_AUTOS = YES_AGGRESSIVE;
				GCC_WARN_UNUSED_FUNCTION = YES;
				GCC_WARN_UNUSED_VARIABLE = YES;
				IPHONEOS_DEPLOYMENT_TARGET = 17.4;
				LOCALIZATION_PREFERS_STRING_CATALOGS = YES;
				MTL_ENABLE_DEBUG_INFO = NO;
				MTL_FAST_MATH = YES;
				SDKROOT = iphoneos;
				SWIFT_COMPILATION_MODE = wholemodule;
				VALIDATE_PRODUCT = YES;
			};
			name = Release;
		};
		96D9BDD42C13E3B100726199 /* Debug */ = {
			isa = XCBuildConfiguration;
			buildSettings = {
				ASSETCATALOG_COMPILER_APPICON_NAME = AppIcon;
				ASSETCATALOG_COMPILER_GLOBAL_ACCENT_COLOR_NAME = AccentColor;
				CODE_SIGN_STYLE = Automatic;
				CURRENT_PROJECT_VERSION = 1;
				DEVELOPMENT_ASSET_PATHS = "\"NotesApp/Preview Content\"";
				ENABLE_PREVIEWS = YES;
				GENERATE_INFOPLIST_FILE = YES;
				INFOPLIST_KEY_UIApplicationSceneManifest_Generation = YES;
				INFOPLIST_KEY_UIApplicationSupportsIndirectInputEvents = YES;
				INFOPLIST_KEY_UILaunchScreen_Generation = YES;
				INFOPLIST_KEY_UISupportedInterfaceOrientations_iPad = "UIInterfaceOrientationPortrait UIInterfaceOrientationPortraitUpsideDown UIInterfaceOrientationLandscapeLeft UIInterfaceOrientationLandscapeRight";
				INFOPLIST_KEY_UISupportedInterfaceOrientations_iPhone = "UIInterfaceOrientationPortrait UIInterfaceOrientationLandscapeLeft UIInterfaceOrientationLandscapeRight";
				LD_RUNPATH_SEARCH_PATHS = (
					"$(inherited)",
					"@executable_path/Frameworks",
				);
				MARKETING_VERSION = 1.0;
				PRODUCT_BUNDLE_IDENTIFIER = com.owais.NotesApp;
				PRODUCT_NAME = "$(TARGET_NAME)";
				SWIFT_EMIT_LOC_STRINGS = YES;
				SWIFT_VERSION = 5.0;
				TARGETED_DEVICE_FAMILY = "1,2";
			};
			name = Debug;
		};
		96D9BDD52C13E3B100726199 /* Release */ = {
			isa = XCBuildConfiguration;
			buildSettings = {
				ASSETCATALOG_COMPILER_APPICON_NAME = AppIcon;
				ASSETCATALOG_COMPILER_GLOBAL_ACCENT_COLOR_NAME = AccentColor;
				CODE_SIGN_STYLE = Automatic;
				CURRENT_PROJECT_VERSION = 1;
				DEVELOPMENT_ASSET_PATHS = "\"NotesApp/Preview Content\"";
				ENABLE_PREVIEWS = YES;
				GENERATE_INFOPLIST_FILE = YES;
				INFOPLIST_KEY_UIApplicationSceneManifest_Generation = YES;
				INFOPLIST_KEY_UIApplicationSupportsIndirectInputEvents = YES;
				INFOPLIST_KEY_UILaunchScreen_Generation = YES;
				INFOPLIST_KEY_UISupportedInterfaceOrientations_iPad = "UIInterfaceOrientationPortrait UIInterfaceOrientationPortraitUpsideDown UIInterfaceOrientationLandscapeLeft UIInterfaceOrientationLandscapeRight";
				INFOPLIST_KEY_UISupportedInterfaceOrientations_iPhone = "UIInterfaceOrientationPortrait UIInterfaceOrientationLandscapeLeft UIInterfaceOrientationLandscapeRight";
				LD_RUNPATH_SEARCH_PATHS = (
					"$(inherited)",
					"@executable_path/Frameworks",
				);
				MARKETING_VERSION = 1.0;
				PRODUCT_BUNDLE_IDENTIFIER = com.owais.NotesApp;
				PRODUCT_NAME = "$(TARGET_NAME)";
				SWIFT_EMIT_LOC_STRINGS = YES;
				SWIFT_VERSION = 5.0;
				TARGETED_DEVICE_FAMILY = "1,2";
			};
			name = Release;
		};
		96D9BDD72C13E3B100726199 /* Debug */ = {
			isa = XCBuildConfiguration;
			buildSettings = {
				ALWAYS_EMBED_SWIFT_STANDARD_LIBRARIES = YES;
				BUNDLE_LOADER = "$(TEST_HOST)";
				CODE_SIGN_STYLE = Automatic;
				CURRENT_PROJECT_VERSION = 1;
				GENERATE_INFOPLIST_FILE = YES;
				IPHONEOS_DEPLOYMENT_TARGET = 17.4;
				MARKETING_VERSION = 1.0;
				PRODUCT_BUNDLE_IDENTIFIER = com.owais.NotesAppTests;
				PRODUCT_NAME = "$(TARGET_NAME)";
				SWIFT_EMIT_LOC_STRINGS = NO;
				SWIFT_VERSION = 5.0;
				TARGETED_DEVICE_FAMILY = "1,2";
				TEST_HOST = "$(BUILT_PRODUCTS_DIR)/NotesApp.app/$(BUNDLE_EXECUTABLE_FOLDER_PATH)/NotesApp";
			};
			name = Debug;
		};
		96D9BDD82C13E3B100726199 /* Release */ = {
			isa = XCBuildConfiguration;
			buildSettings = {
				ALWAYS_EMBED_SWIFT_STANDARD_LIBRARIES = YES;
				BUNDLE_LOADER = "$(TEST_HOST)";
				CODE_SIGN_STYLE = Automatic;
				CURRENT_PROJECT_VERSION = 1;
				GENERATE_INFOPLIST_FILE = YES;
				IPHONEOS_DEPLOYMENT_TARGET = 17.4;
				MARKETING_VERSION = 1.0;
				PRODUCT_BUNDLE_IDENTIFIER = com.owais.NotesAppTests;
				PRODUCT_NAME = "$(TARGET_NAME)";
				SWIFT_EMIT_LOC_STRINGS = NO;
				SWIFT_VERSION = 5.0;
				TARGETED_DEVICE_FAMILY = "1,2";
				TEST_HOST = "$(BUILT_PRODUCTS_DIR)/NotesApp.app/$(BUNDLE_EXECUTABLE_FOLDER_PATH)/NotesApp";
			};
			name = Release;
		};
		96D9BDDA2C13E3B100726199 /* Debug */ = {
			isa = XCBuildConfiguration;
			buildSettings = {
				ALWAYS_EMBED_SWIFT_STANDARD_LIBRARIES = YES;
				CODE_SIGN_STYLE = Automatic;
				CURRENT_PROJECT_VERSION = 1;
				GENERATE_INFOPLIST_FILE = YES;
				MARKETING_VERSION = 1.0;
				PRODUCT_BUNDLE_IDENTIFIER = com.owais.NotesAppUITests;
				PRODUCT_NAME = "$(TARGET_NAME)";
				SWIFT_EMIT_LOC_STRINGS = NO;
				SWIFT_VERSION = 5.0;
				TARGETED_DEVICE_FAMILY = "1,2";
				TEST_TARGET_NAME = NotesApp;
			};
			name = Debug;
		};
		96D9BDDB2C13E3B100726199 /* Release */ = {
			isa = XCBuildConfiguration;
			buildSettings = {
				ALWAYS_EMBED_SWIFT_STANDARD_LIBRARIES = YES;
				CODE_SIGN_STYLE = Automatic;
				CURRENT_PROJECT_VERSION = 1;
				GENERATE_INFOPLIST_FILE = YES;
				MARKETING_VERSION = 1.0;
				PRODUCT_BUNDLE_IDENTIFIER = com.owais.NotesAppUITests;
				PRODUCT_NAME = "$(TARGET_NAME)";
				SWIFT_EMIT_LOC_STRINGS = NO;
				SWIFT_VERSION = 5.0;
				TARGETED_DEVICE_FAMILY = "1,2";
				TEST_TARGET_NAME = NotesApp;
			};
			name = Release;
		};
/* End XCBuildConfiguration section */

/* Begin XCConfigurationList section */
		96D9BDAA2C13E3AC00726199 /* Build configuration list for PBXProject "NotesApp" */ = {
			isa = XCConfigurationList;
			buildConfigurations = (
				96D9BDD12C13E3B100726199 /* Debug */,
				96D9BDD22C13E3B100726199 /* Release */,
			);
			defaultConfigurationIsVisible = 0;
			defaultConfigurationName = Release;
		};
		96D9BDD32C13E3B100726199 /* Build configuration list for PBXNativeTarget "NotesApp" */ = {
			isa = XCConfigurationList;
			buildConfigurations = (
				96D9BDD42C13E3B100726199 /* Debug */,
				96D9BDD52C13E3B100726199 /* Release */,
			);
			defaultConfigurationIsVisible = 0;
			defaultConfigurationName = Release;
		};
		96D9BDD62C13E3B100726199 /* Build configuration list for PBXNativeTarget "NotesAppTests" */ = {
			isa = XCConfigurationList;
			buildConfigurations = (
				96D9BDD72C13E3B100726199 /* Debug */,
				96D9BDD82C13E3B100726199 /* Release */,
			);
			defaultConfigurationIsVisible = 0;
			defaultConfigurationName = Release;
		};
		96D9BDD92C13E3B100726199 /* Build configuration list for PBXNativeTarget "NotesAppUITests" */ = {
			isa = XCConfigurationList;
			buildConfigurations = (
				96D9BDDA2C13E3B100726199 /* Debug */,
				96D9BDDB2C13E3B100726199 /* Release */,
			);
			defaultConfigurationIsVisible = 0;
			defaultConfigurationName = Release;
		};
/* End XCConfigurationList section */
	};
	rootObject = 96D9BDA72C13E3AC00726199 /* Project object */;
}
